
Microsoft Visual Studio Solution File, Format Version 12.00
# Visual Studio Version 17
VisualStudioVersion = 17.4.33213.308
MinimumVisualStudioVersion = 10.0.40219.1
Project("{FAE04EC0-301F-11D3-BF4B-00C04F79EFBC}") = "Componentes", "Componentes.csproj", "{9B87CC18-00EA-4AB3-BC39-032192F7A70E}"
EndProject
Global
	GlobalSection(SolutionConfigurationPlatforms) = preSolution
		Debug|Any CPU = Debug|Any CPU
		Release|Any CPU = Release|Any CPU
	EndGlobalSection
	GlobalSection(ProjectConfigurationPlatforms) = postSolution
		{9B87CC18-00EA-4AB3-BC39-032192F7A70E}.Debug|Any CPU.ActiveCfg = Debug|Any CPU
		{9B87CC18-00EA-4AB3-BC39-032192F7A70E}.Debug|Any CPU.Build.0 = Debug|Any CPU
		{9B87CC18-00EA-4AB3-BC39-032192F7A70E}.Release|Any CPU.ActiveCfg = Release|Any CPU
		{9B87CC18-00EA-4AB3-BC39-032192F7A70E}.Release|Any CPU.Build.0 = Release|Any CPU
	EndGlobalSection
	GlobalSection(SolutionProperties) = preSolution
		HideSolutionNode = FALSE
	EndGlobalSection
	GlobalSection(ExtensibilityGlobals) = postSolution
		SolutionGuid = {96612B28-318B-4492-B0FE-836D6A83551A}
	EndGlobalSection
EndGlobal
